
Microsoft Visual Studio Solution File, Format Version 11.00
# Visual Studio 2010
Project("{FAE04EC0-301F-11D3-BF4B-00C04F79EFBC}") = "IssueTracker.App", "IssueTracker.App\IssueTracker.App.csproj", "{B58801E1-E368-4936-A757-DE7227B82BA0}"
EndProject
Project("{FAE04EC0-301F-11D3-BF4B-00C04F79EFBC}") = "IssueTracker.Data", "IssueTracker.Data\IssueTracker.Data.csproj", "{EBDDB548-E027-450C-AD9D-D658428D06A1}"
EndProject
Project("{FAE04EC0-301F-11D3-BF4B-00C04F79EFBC}") = "TccLib", "TccLib\TccLib.csproj", "{A3EF9DBE-14A6-4EAF-8238-513903387DD7}"
EndProject
Project("{FAE04EC0-301F-11D3-BF4B-00C04F79EFBC}") = "TccLib.Cocoa", "TccLib.Cocoa\TccLib.Cocoa.csproj", "{AF9552D4-1145-4377-B6EF-095A5A68F70E}"
EndProject
Project("{FAE04EC0-301F-11D3-BF4B-00C04F79EFBC}") = "MarkdownSharp", "MarkdownSharp\MarkdownSharp.csproj", "{37619116-CCE8-465A-8B1F-081CA53364BB}"
EndProject
Project("{FAE04EC0-301F-11D3-BF4B-00C04F79EFBC}") = "MarkdownSharpTests", "MarkdownSharpTests\MarkdownSharpTests.csproj", "{1F76D227-9B91-475B-9B64-B7A3D0EE7E3D}"
EndProject
Project("{FAE04EC0-301F-11D3-BF4B-00C04F79EFBC}") = "TccLib.WinForms", "TccLib.WinForms\TccLib.WinForms.csproj", "{A8DBACAD-65EF-4243-96C5-414B661611A7}"
EndProject
Global
	GlobalSection(SolutionConfigurationPlatforms) = preSolution
		Debug|Any CPU = Debug|Any CPU
		Debug|Mixed Platforms = Debug|Mixed Platforms
		Debug|x86 = Debug|x86
		Release|Any CPU = Release|Any CPU
		Release|Mixed Platforms = Release|Mixed Platforms
		Release|x86 = Release|x86
	EndGlobalSection
	GlobalSection(ProjectConfigurationPlatforms) = postSolution
		{B58801E1-E368-4936-A757-DE7227B82BA0}.Debug|Any CPU.ActiveCfg = Debug|x86
		{B58801E1-E368-4936-A757-DE7227B82BA0}.Debug|Mixed Platforms.ActiveCfg = Debug|x86
		{B58801E1-E368-4936-A757-DE7227B82BA0}.Debug|Mixed Platforms.Build.0 = Debug|x86
		{B58801E1-E368-4936-A757-DE7227B82BA0}.Debug|x86.ActiveCfg = Debug|x86
		{B58801E1-E368-4936-A757-DE7227B82BA0}.Debug|x86.Build.0 = Debug|x86
		{B58801E1-E368-4936-A757-DE7227B82BA0}.Release|Any CPU.ActiveCfg = Release|x86
		{B58801E1-E368-4936-A757-DE7227B82BA0}.Release|Mixed Platforms.ActiveCfg = Release|x86
		{B58801E1-E368-4936-A757-DE7227B82BA0}.Release|Mixed Platforms.Build.0 = Release|x86
		{B58801E1-E368-4936-A757-DE7227B82BA0}.Release|x86.ActiveCfg = Release|x86
		{B58801E1-E368-4936-A757-DE7227B82BA0}.Release|x86.Build.0 = Release|x86
		{EBDDB548-E027-450C-AD9D-D658428D06A1}.Debug|Any CPU.ActiveCfg = Debug|Any CPU
		{EBDDB548-E027-450C-AD9D-D658428D06A1}.Debug|Any CPU.Build.0 = Debug|Any CPU
		{EBDDB548-E027-450C-AD9D-D658428D06A1}.Debug|Mixed Platforms.ActiveCfg = Debug|Any CPU
		{EBDDB548-E027-450C-AD9D-D658428D06A1}.Debug|Mixed Platforms.Build.0 = Debug|Any CPU
		{EBDDB548-E027-450C-AD9D-D658428D06A1}.Debug|x86.ActiveCfg = Debug|Any CPU
		{EBDDB548-E027-450C-AD9D-D658428D06A1}.Release|Any CPU.ActiveCfg = Release|Any CPU
		{EBDDB548-E027-450C-AD9D-D658428D06A1}.Release|Any CPU.Build.0 = Release|Any CPU
		{EBDDB548-E027-450C-AD9D-D658428D06A1}.Release|Mixed Platforms.ActiveCfg = Release|Any CPU
		{EBDDB548-E027-450C-AD9D-D658428D06A1}.Release|Mixed Platforms.Build.0 = Release|Any CPU
		{EBDDB548-E027-450C-AD9D-D658428D06A1}.Release|x86.ActiveCfg = Release|Any CPU
		{A3EF9DBE-14A6-4EAF-8238-513903387DD7}.Debug|Any CPU.ActiveCfg = Debug|Any CPU
		{A3EF9DBE-14A6-4EAF-8238-513903387DD7}.Debug|Any CPU.Build.0 = Debug|Any CPU
		{A3EF9DBE-14A6-4EAF-8238-513903387DD7}.Debug|Mixed Platforms.ActiveCfg = Debug|Any CPU
		{A3EF9DBE-14A6-4EAF-8238-513903387DD7}.Debug|Mixed Platforms.Build.0 = Debug|Any CPU
		{A3EF9DBE-14A6-4EAF-8238-513903387DD7}.Debug|x86.ActiveCfg = Debug|Any CPU
		{A3EF9DBE-14A6-4EAF-8238-513903387DD7}.Release|Any CPU.ActiveCfg = Release|Any CPU
		{A3EF9DBE-14A6-4EAF-8238-513903387DD7}.Release|Any CPU.Build.0 = Release|Any CPU
		{A3EF9DBE-14A6-4EAF-8238-513903387DD7}.Release|Mixed Platforms.ActiveCfg = Release|Any CPU
		{A3EF9DBE-14A6-4EAF-8238-513903387DD7}.Release|Mixed Platforms.Build.0 = Release|Any CPU
		{A3EF9DBE-14A6-4EAF-8238-513903387DD7}.Release|x86.ActiveCfg = Release|Any CPU
		{AF9552D4-1145-4377-B6EF-095A5A68F70E}.Debug|Any CPU.ActiveCfg = Debug|Any CPU
		{AF9552D4-1145-4377-B6EF-095A5A68F70E}.Debug|Any CPU.Build.0 = Debug|Any CPU
		{AF9552D4-1145-4377-B6EF-095A5A68F70E}.Debug|Mixed Platforms.ActiveCfg = Debug|Any CPU
		{AF9552D4-1145-4377-B6EF-095A5A68F70E}.Debug|Mixed Platforms.Build.0 = Debug|Any CPU
		{AF9552D4-1145-4377-B6EF-095A5A68F70E}.Debug|x86.ActiveCfg = Debug|Any CPU
		{AF9552D4-1145-4377-B6EF-095A5A68F70E}.Release|Any CPU.ActiveCfg = Release|Any CPU
		{AF9552D4-1145-4377-B6EF-095A5A68F70E}.Release|Any CPU.Build.0 = Release|Any CPU
		{AF9552D4-1145-4377-B6EF-095A5A68F70E}.Release|Mixed Platforms.ActiveCfg = Release|Any CPU
		{AF9552D4-1145-4377-B6EF-095A5A68F70E}.Release|Mixed Platforms.Build.0 = Release|Any CPU
		{AF9552D4-1145-4377-B6EF-095A5A68F70E}.Release|x86.ActiveCfg = Release|Any CPU
		{37619116-CCE8-465A-8B1F-081CA53364BB}.Debug|Any CPU.ActiveCfg = Debug|Any CPU
		{37619116-CCE8-465A-8B1F-081CA53364BB}.Debug|Any CPU.Build.0 = Debug|Any CPU
		{37619116-CCE8-465A-8B1F-081CA53364BB}.Debug|Mixed Platforms.ActiveCfg = Debug|Any CPU
		{37619116-CCE8-465A-8B1F-081CA53364BB}.Debug|Mixed Platforms.Build.0 = Debug|Any CPU
		{37619116-CCE8-465A-8B1F-081CA53364BB}.Debug|x86.ActiveCfg = Debug|Any CPU
		{37619116-CCE8-465A-8B1F-081CA53364BB}.Release|Any CPU.ActiveCfg = Release|Any CPU
		{37619116-CCE8-465A-8B1F-081CA53364BB}.Release|Any CPU.Build.0 = Release|Any CPU
		{37619116-CCE8-465A-8B1F-081CA53364BB}.Release|Mixed Platforms.ActiveCfg = Release|Any CPU
		{37619116-CCE8-465A-8B1F-081CA53364BB}.Release|Mixed Platforms.Build.0 = Release|Any CPU
		{37619116-CCE8-465A-8B1F-081CA53364BB}.Release|x86.ActiveCfg = Release|Any CPU
		{1F76D227-9B91-475B-9B64-B7A3D0EE7E3D}.Debug|Any CPU.ActiveCfg = Debug|Any CPU
		{1F76D227-9B91-475B-9B64-B7A3D0EE7E3D}.Debug|Any CPU.Build.0 = Debug|Any CPU
		{1F76D227-9B91-475B-9B64-B7A3D0EE7E3D}.Debug|Mixed Platforms.ActiveCfg = Debug|Any CPU
		{1F76D227-9B91-475B-9B64-B7A3D0EE7E3D}.Debug|Mixed Platforms.Build.0 = Debug|Any CPU
		{1F76D227-9B91-475B-9B64-B7A3D0EE7E3D}.Debug|x86.ActiveCfg = Debug|Any CPU
		{1F76D227-9B91-475B-9B64-B7A3D0EE7E3D}.Release|Any CPU.ActiveCfg = Release|Any CPU
		{1F76D227-9B91-475B-9B64-B7A3D0EE7E3D}.Release|Any CPU.Build.0 = Release|Any CPU
		{1F76D227-9B91-475B-9B64-B7A3D0EE7E3D}.Release|Mixed Platforms.ActiveCfg = Release|Any CPU
		{1F76D227-9B91-475B-9B64-B7A3D0EE7E3D}.Release|Mixed Platforms.Build.0 = Release|Any CPU
		{1F76D227-9B91-475B-9B64-B7A3D0EE7E3D}.Release|x86.ActiveCfg = Release|Any CPU
		{A8DBACAD-65EF-4243-96C5-414B661611A7}.Debug|Any CPU.ActiveCfg = Debug|Any CPU
		{A8DBACAD-65EF-4243-96C5-414B661611A7}.Debug|Any CPU.Build.0 = Debug|Any CPU
		{A8DBACAD-65EF-4243-96C5-414B661611A7}.Debug|Mixed Platforms.ActiveCfg = Debug|Any CPU
		{A8DBACAD-65EF-4243-96C5-414B661611A7}.Debug|Mixed Platforms.Build.0 = Debug|Any CPU
		{A8DBACAD-65EF-4243-96C5-414B661611A7}.Debug|x86.ActiveCfg = Debug|Any CPU
		{A8DBACAD-65EF-4243-96C5-414B661611A7}.Release|Any CPU.ActiveCfg = Release|Any CPU
		{A8DBACAD-65EF-4243-96C5-414B661611A7}.Release|Any CPU.Build.0 = Release|Any CPU
		{A8DBACAD-65EF-4243-96C5-414B661611A7}.Release|Mixed Platforms.ActiveCfg = Release|Any CPU
		{A8DBACAD-65EF-4243-96C5-414B661611A7}.Release|Mixed Platforms.Build.0 = Release|Any CPU
		{A8DBACAD-65EF-4243-96C5-414B661611A7}.Release|x86.ActiveCfg = Release|Any CPU
	EndGlobalSection
	GlobalSection(SolutionProperties) = preSolution
		HideSolutionNode = FALSE
	EndGlobalSection
EndGlobal
